
Microsoft Visual Studio Solution File, Format Version 11.00
# Visual Studio 2010
Project("{FAE04EC0-301F-11D3-BF4B-00C04F79EFBC}") = "Karloff", "Karloff\Karloff.csproj", "{D1A9A4C1-5683-47D4-9072-2254C882E709}"
EndProject
Global
	GlobalSection(SolutionConfigurationPlatforms) = preSolution
		Debug|x86 = Debug|x86
		Release|x86 = Release|x86
	EndGlobalSection
	GlobalSection(ProjectConfigurationPlatforms) = postSolution
		{D1A9A4C1-5683-47D4-9072-2254C882E709}.Debug|x86.ActiveCfg = Debug|x86
		{D1A9A4C1-5683-47D4-9072-2254C882E709}.Debug|x86.Build.0 = Debug|x86
		{D1A9A4C1-5683-47D4-9072-2254C882E709}.Release|x86.ActiveCfg = Release|x86
		{D1A9A4C1-5683-47D4-9072-2254C882E709}.Release|x86.Build.0 = Release|x86
	EndGlobalSection
	GlobalSection(MonoDevelopProperties) = preSolution
		StartupItem = Karloff\Karloff.csproj
	EndGlobalSection
EndGlobal
